
Microsoft Visual Studio Solution File, Format Version 12.00
# Visual Studio Version 17
VisualStudioVersion = 17.4.33205.214
MinimumVisualStudioVersion = 10.0.40219.1
Project("{FAE04EC0-301F-11D3-BF4B-00C04F79EFBC}") = "GrpcService", "GrpcService\GrpcService.csproj", "{60D524DB-5F45-4BDA-9156-4035113A3942}"
EndProject
Project("{FAE04EC0-301F-11D3-BF4B-00C04F79EFBC}") = "GRPC_Client", "GRPC_Client\GRPC_Client.csproj", "{11CF92DA-7AC3-4186-87FA-6C065C210181}"
EndProject
Global
	GlobalSection(SolutionConfigurationPlatforms) = preSolution
		Debug|Any CPU = Debug|Any CPU
		Release|Any CPU = Release|Any CPU
	EndGlobalSection
	GlobalSection(ProjectConfigurationPlatforms) = postSolution
		{60D524DB-5F45-4BDA-9156-4035113A3942}.Debug|Any CPU.ActiveCfg = Debug|Any CPU
		{60D524DB-5F45-4BDA-9156-4035113A3942}.Debug|Any CPU.Build.0 = Debug|Any CPU
		{60D524DB-5F45-4BDA-9156-4035113A3942}.Release|Any CPU.ActiveCfg = Release|Any CPU
		{60D524DB-5F45-4BDA-9156-4035113A3942}.Release|Any CPU.Build.0 = Release|Any CPU
		{11CF92DA-7AC3-4186-87FA-6C065C210181}.Debug|Any CPU.ActiveCfg = Debug|Any CPU
		{11CF92DA-7AC3-4186-87FA-6C065C210181}.Debug|Any CPU.Build.0 = Debug|Any CPU
		{11CF92DA-7AC3-4186-87FA-6C065C210181}.Release|Any CPU.ActiveCfg = Release|Any CPU
		{11CF92DA-7AC3-4186-87FA-6C065C210181}.Release|Any CPU.Build.0 = Release|Any CPU
	EndGlobalSection
	GlobalSection(SolutionProperties) = preSolution
		HideSolutionNode = FALSE
	EndGlobalSection
	GlobalSection(ExtensibilityGlobals) = postSolution
		SolutionGuid = {B0102FCF-B45E-45E7-A432-9048B815798B}
	EndGlobalSection
EndGlobal
